{
  "name": "codewolf_cli",
  "version": "1.0.0",
  "lockfileVersion": 2,
  "requires": true,
  "packages": {
    "": {
      "name": "codewolf_cli",
      "version": "1.0.0",
      "license": "ISC",
      "dependencies": {
        "@types/node": "^16.10.3",
        "commander": "^8.2.0"
      },
      "bin": {
        "wolf": "index.ts"
      }
    },
    "node_modules/@types/node": {
      "version": "16.10.9",
      "resolved": "https://repo.huaweicloud.com/repository/npm/@types/node/-/node-16.10.9.tgz",
      "integrity": "sha512-H9ReOt+yqIJPCutkTYjFjlyK6WEMQYT9hLZMlWtOjFQY2ItppsWZ6RJf8Aw+jz5qTYceuHvFgPIaKOHtLAEWBw==",
      "license": "MIT"
    },
    "node_modules/commander": {
      "version": "8.2.0",
      "resolved": "https://repo.huaweicloud.com/repository/npm/commander/-/commander-8.2.0.tgz",
      "integrity": "sha512-LLKxDvHeL91/8MIyTAD5BFMNtoIwztGPMiM/7Bl8rIPmHCZXRxmSWr91h57dpOpnQ6jIUqEWdXE/uBYMfiVZDA==",
      "license": "MIT",
      "engines": {
        "node": ">= 12"
      }
    }
  },
  "dependencies": {
    "@types/node": {
      "version": "16.10.9",
      "resolved": "https://repo.huaweicloud.com/repository/npm/@types/node/-/node-16.10.9.tgz",
      "integrity": "sha512-H9ReOt+yqIJPCutkTYjFjlyK6WEMQYT9hLZMlWtOjFQY2ItppsWZ6RJf8Aw+jz5qTYceuHvFgPIaKOHtLAEWBw=="
    },
    "commander": {
      "version": "8.2.0",
      "resolved": "https://repo.huaweicloud.com/repository/npm/commander/-/commander-8.2.0.tgz",
      "integrity": "sha512-LLKxDvHeL91/8MIyTAD5BFMNtoIwztGPMiM/7Bl8rIPmHCZXRxmSWr91h57dpOpnQ6jIUqEWdXE/uBYMfiVZDA=="
    }
  }
}
